
Microsoft Visual Studio Solution File, Format Version 12.00
# Visual Studio 2013
VisualStudioVersion = 12.0.31101.0
MinimumVisualStudioVersion = 10.0.40219.1
Project("{FAE04EC0-301F-11D3-BF4B-00C04F79EFBC}") = "MahoganyASP.UI", "MahoganyASP.UI\MahoganyASP.UI.csproj", "{23E10FAE-6501-4621-AA22-8BD0E5E2E5FE}"
EndProject
Project("{FAE04EC0-301F-11D3-BF4B-00C04F79EFBC}") = "MahoganyASP.BO", "MahoganyASP.BO\MahoganyASP.BO.csproj", "{4AE62FE2-1045-4318-A6EC-E4AE9031F66F}"
EndProject
Project("{FAE04EC0-301F-11D3-BF4B-00C04F79EFBC}") = "MahoganyASP.BL", "MahoganyASP.BL\MahoganyASP.BL.csproj", "{99AC3ED9-2C97-4150-BD58-9727B3B297F4}"
EndProject
Global
	GlobalSection(SolutionConfigurationPlatforms) = preSolution
		Debug|Any CPU = Debug|Any CPU
		Release|Any CPU = Release|Any CPU
	EndGlobalSection
	GlobalSection(ProjectConfigurationPlatforms) = postSolution
		{23E10FAE-6501-4621-AA22-8BD0E5E2E5FE}.Debug|Any CPU.ActiveCfg = Debug|Any CPU
		{23E10FAE-6501-4621-AA22-8BD0E5E2E5FE}.Debug|Any CPU.Build.0 = Debug|Any CPU
		{23E10FAE-6501-4621-AA22-8BD0E5E2E5FE}.Release|Any CPU.ActiveCfg = Release|Any CPU
		{23E10FAE-6501-4621-AA22-8BD0E5E2E5FE}.Release|Any CPU.Build.0 = Release|Any CPU
		{4AE62FE2-1045-4318-A6EC-E4AE9031F66F}.Debug|Any CPU.ActiveCfg = Debug|Any CPU
		{4AE62FE2-1045-4318-A6EC-E4AE9031F66F}.Debug|Any CPU.Build.0 = Debug|Any CPU
		{4AE62FE2-1045-4318-A6EC-E4AE9031F66F}.Release|Any CPU.ActiveCfg = Release|Any CPU
		{4AE62FE2-1045-4318-A6EC-E4AE9031F66F}.Release|Any CPU.Build.0 = Release|Any CPU
		{99AC3ED9-2C97-4150-BD58-9727B3B297F4}.Debug|Any CPU.ActiveCfg = Debug|Any CPU
		{99AC3ED9-2C97-4150-BD58-9727B3B297F4}.Debug|Any CPU.Build.0 = Debug|Any CPU
		{99AC3ED9-2C97-4150-BD58-9727B3B297F4}.Release|Any CPU.ActiveCfg = Release|Any CPU
		{99AC3ED9-2C97-4150-BD58-9727B3B297F4}.Release|Any CPU.Build.0 = Release|Any CPU
	EndGlobalSection
	GlobalSection(SolutionProperties) = preSolution
		HideSolutionNode = FALSE
	EndGlobalSection
EndGlobal
